// !$*UTF8*$!
{
	archiveVersion = 1;
	classes = {
	};
	objectVersion = 51;
	objects = {

/* Begin PBXBuildFile section */
		1BC1043F9467EBD13704D092 /* Pods_SimpleAnimations.framework in Frameworks */ = {isa = PBXBuildFile; fileRef = BA48E65129532CA94715A2D6 /* Pods_SimpleAnimations.framework */; };
		AE45129F251731EB00FB37B4 /* AppDelegate.swift in Sources */ = {isa = PBXBuildFile; fileRef = AE45129E251731EB00FB37B4 /* AppDelegate.swift */; };
		AE4512A1251731EB00FB37B4 /* SceneDelegate.swift in Sources */ = {isa = PBXBuildFile; fileRef = AE4512A0251731EB00FB37B4 /* SceneDelegate.swift */; };
		AE4512A3251731EB00FB37B4 /* ViewController.swift in Sources */ = {isa = PBXBuildFile; fileRef = AE4512A2251731EB00FB37B4 /* ViewController.swift */; };
		AE4512A6251731EB00FB37B4 /* Main.storyboard in Resources */ = {isa = PBXBuildFile; fileRef = AE4512A4251731EB00FB37B4 /* Main.storyboard */; };
		AE4512A8251731EE00FB37B4 /* Assets.xcassets in Resources */ = {isa = PBXBuildFile; fileRef = AE4512A7251731EE00FB37B4 /* Assets.xcassets */; };
		AE4512AB251731EE00FB37B4 /* LaunchScreen.storyboard in Resources */ = {isa = PBXBuildFile; fileRef = AE4512A9251731EE00FB37B4 /* LaunchScreen.storyboard */; };
/* End PBXBuildFile section */

/* Begin PBXFileReference section */
		42F4F1114EFE516F6362E9BE /* Pods-SimpleAnimations.release.xcconfig */ = {isa = PBXFileReference; includeInIndex = 1; lastKnownFileType = text.xcconfig; name = "Pods-SimpleAnimations.release.xcconfig"; path = "Target Support Files/Pods-SimpleAnimations/Pods-SimpleAnimations.release.xcconfig"; sourceTree = "<group>"; };
		AE45129B251731EB00FB37B4 /* SimpleAnimations.app */ = {isa = PBXFileReference; explicitFileType = wrapper.application; includeInIndex = 0; path = SimpleAnimations.app; sourceTree = BUILT_PRODUCTS_DIR; };
		AE45129E251731EB00FB37B4 /* AppDelegate.swift */ = {isa = PBXFileReference; lastKnownFileType = sourcecode.swift; path = AppDelegate.swift; sourceTree = "<group>"; };
		AE4512A0251731EB00FB37B4 /* SceneDelegate.swift */ = {isa = PBXFileReference; lastKnownFileType = sourcecode.swift; path = SceneDelegate.swift; sourceTree = "<group>"; };
		AE4512A2251731EB00FB37B4 /* ViewController.swift */ = {isa = PBXFileReference; lastKnownFileType = sourcecode.swift; path = ViewController.swift; sourceTree = "<group>"; };
		AE4512A5251731EB00FB37B4 /* Base */ = {isa = PBXFileReference; lastKnownFileType = file.storyboard; name = Base; path = Base.lproj/Main.storyboard; sourceTree = "<group>"; };
		AE4512A7251731EE00FB37B4 /* Assets.xcassets */ = {isa = PBXFileReference; lastKnownFileType = folder.assetcatalog; path = Assets.xcassets; sourceTree = "<group>"; };
		AE4512AA251731EE00FB37B4 /* Base */ = {isa = PBXFileReference; lastKnownFileType = file.storyboard; name = Base; path = Base.lproj/LaunchScreen.storyboard; sourceTree = "<group>"; };
		AE4512AC251731EE00FB37B4 /* Info.plist */ = {isa = PBXFileReference; lastKnownFileType = text.plist.xml; path = Info.plist; sourceTree = "<group>"; };
		BA48E65129532CA94715A2D6 /* Pods_SimpleAnimations.framework */ = {isa = PBXFileReference; explicitFileType = wrapper.framework; includeInIndex = 0; path = Pods_SimpleAnimations.framework; sourceTree = BUILT_PRODUCTS_DIR; };
		DA1898D8A9FB053AE7819E45 /* Pods-SimpleAnimations.debug.xcconfig */ = {isa = PBXFileReference; includeInIndex = 1; lastKnownFileType = text.xcconfig; name = "Pods-SimpleAnimations.debug.xcconfig"; path = "Target Support Files/Pods-SimpleAnimations/Pods-SimpleAnimations.debug.xcconfig"; sourceTree = "<group>"; };
/* End PBXFileReference section */

/* Begin PBXFrameworksBuildPhase section */
		AE451298251731EB00FB37B4 /* Frameworks */ = {
			isa = PBXFrameworksBuildPhase;
			buildActionMask = 2147483647;
			files = (
				1BC1043F9467EBD13704D092 /* Pods_SimpleAnimations.framework in Frameworks */,
			);
			runOnlyForDeploymentPostprocessing = 0;
		};
/* End PBXFrameworksBuildPhase section */

/* Begin PBXGroup section */
		087A73E0372FD7E1BBB1274E /* Frameworks */ = {
			isa = PBXGroup;
			children = (
				BA48E65129532CA94715A2D6 /* Pods_SimpleAnimations.framework */,
			);
			name = Frameworks;
			sourceTree = "<group>";
		};
		68187A7061A272940EC609F8 /* Pods */ = {
			isa = PBXGroup;
			children = (
				DA1898D8A9FB053AE7819E45 /* Pods-SimpleAnimations.debug.xcconfig */,
				42F4F1114EFE516F6362E9BE /* Pods-SimpleAnimations.release.xcconfig */,
			);
			path = Pods;
			sourceTree = "<group>";
		};
		AE451292251731EB00FB37B4 = {
			isa = PBXGroup;
			children = (
				AE45129D251731EB00FB37B4 /* SimpleAnimations */,
				AE45129C251731EB00FB37B4 /* Products */,
				68187A7061A272940EC609F8 /* Pods */,
				087A73E0372FD7E1BBB1274E /* Frameworks */,
			);
			sourceTree = "<group>";
		};
		AE45129C251731EB00FB37B4 /* Products */ = {
			isa = PBXGroup;
			children = (
				AE45129B251731EB00FB37B4 /* SimpleAnimations.app */,
			);
			name = Products;
			sourceTree = "<group>";
		};
		AE45129D251731EB00FB37B4 /* SimpleAnimations */ = {
			isa = PBXGroup;
			children = (
				AE45129E251731EB00FB37B4 /* AppDelegate.swift */,
				AE4512A0251731EB00FB37B4 /* SceneDelegate.swift */,
				AE4512A2251731EB00FB37B4 /* ViewController.swift */,
				AE4512A4251731EB00FB37B4 /* Main.storyboard */,
				AE4512A7251731EE00FB37B4 /* Assets.xcassets */,
				AE4512A9251731EE00FB37B4 /* LaunchScreen.storyboard */,
				AE4512AC251731EE00FB37B4 /* Info.plist */,
			);
			path = SimpleAnimations;
			sourceTree = "<group>";
		};
/* End PBXGroup section */

/* Begin PBXNativeTarget section */
		AE45129A251731EB00FB37B4 /* SimpleAnimations */ = {
			isa = PBXNativeTarget;
			buildConfigurationList = AE4512AF251731EE00FB37B4 /* Build configuration list for PBXNativeTarget "SimpleAnimations" */;
			buildPhases = (
				0864DF5E8580EE427CD2D367 /* [CP] Check Pods Manifest.lock */,
				AE451297251731EB00FB37B4 /* Sources */,
				AE451298251731EB00FB37B4 /* Frameworks */,
				AE451299251731EB00FB37B4 /* Resources */,
				629CBF2E9ACE76FB064DDA73 /* [CP] Embed Pods Frameworks */,
			);
			buildRules = (
			);
			dependencies = (
			);
			name = SimpleAnimations;
			productName = SimpleAnimations;
			productReference = AE45129B251731EB00FB37B4 /* SimpleAnimations.app */;
			productType = "com.apple.product-type.application";
		};
/* End PBXNativeTarget section */

/* Begin PBXProject section */
		AE451293251731EB00FB37B4 /* Project object */ = {
			isa = PBXProject;
			attributes = {
				LastSwiftUpdateCheck = 1140;
				LastUpgradeCheck = 1140;
				ORGANIZATIONNAME = "Lesia Danilina";
				TargetAttributes = {
					AE45129A251731EB00FB37B4 = {
						CreatedOnToolsVersion = 11.4.1;
					};
				};
			};
			buildConfigurationList = AE451296251731EB00FB37B4 /* Build configuration list for PBXProject "SimpleAnimations" */;
			compatibilityVersion = "Xcode 9.3";
			developmentRegion = en;
			hasScannedForEncodings = 0;
			knownRegions = (
				en,
				Base,
			);
			mainGroup = AE451292251731EB00FB37B4;
			productRefGroup = AE45129C251731EB00FB37B4 /* Products */;
			projectDirPath = "";
			projectRoot = "";
			targets = (
				AE45129A251731EB00FB37B4 /* SimpleAnimations */,
			);
		};
/* End PBXProject section */

/* Begin PBXResourcesBuildPhase section */
		AE451299251731EB00FB37B4 /* Resources */ = {
			isa = PBXResourcesBuildPhase;
			buildActionMask = 2147483647;
			files = (
				AE4512AB251731EE00FB37B4 /* LaunchScreen.storyboard in Resources */,
				AE4512A8251731EE00FB37B4 /* Assets.xcassets in Resources */,
				AE4512A6251731EB00FB37B4 /* Main.storyboard in Resources */,
			);
			runOnlyForDeploymentPostprocessing = 0;
		};
/* End PBXResourcesBuildPhase section */

/* Begin PBXShellScriptBuildPhase section */
		0864DF5E8580EE427CD2D367 /* [CP] Check Pods Manifest.lock */ = {
			isa = PBXShellScriptBuildPhase;
			buildActionMask = 2147483647;
			files = (
			);
			inputFileListPaths = (
			);
			inputPaths = (
				"${PODS_PODFILE_DIR_PATH}/Podfile.lock",
				"${PODS_ROOT}/Manifest.lock",
			);
			name = "[CP] Check Pods Manifest.lock";
			outputFileListPaths = (
			);
			outputPaths = (
				"$(DERIVED_FILE_DIR)/Pods-SimpleAnimations-checkManifestLockResult.txt",
			);
			runOnlyForDeploymentPostprocessing = 0;
			shellPath = /bin/sh;
			shellScript = "diff \"${PODS_PODFILE_DIR_PATH}/Podfile.lock\" \"${PODS_ROOT}/Manifest.lock\" > /dev/null\nif [ $? != 0 ] ; then\n    # print error to STDERR\n    echo \"error: The sandbox is not in sync with the Podfile.lock. Run 'pod install' or update your CocoaPods installation.\" >&2\n    exit 1\nfi\n# This output is used by Xcode 'outputs' to avoid re-running this script phase.\necho \"SUCCESS\" > \"${SCRIPT_OUTPUT_FILE_0}\"\n";
			showEnvVarsInLog = 0;
		};
		629CBF2E9ACE76FB064DDA73 /* [CP] Embed Pods Frameworks */ = {
			isa = PBXShellScriptBuildPhase;
			buildActionMask = 2147483647;
			files = (
			);
			inputFileListPaths = (
				"${PODS_ROOT}/Target Support Files/Pods-SimpleAnimations/Pods-SimpleAnimations-frameworks-${CONFIGURATION}-input-files.xcfilelist",
			);
			name = "[CP] Embed Pods Frameworks";
			outputFileListPaths = (
				"${PODS_ROOT}/Target Support Files/Pods-SimpleAnimations/Pods-SimpleAnimations-frameworks-${CONFIGURATION}-output-files.xcfilelist",
			);
			runOnlyForDeploymentPostprocessing = 0;
			shellPath = /bin/sh;
			shellScript = "\"${PODS_ROOT}/Target Support Files/Pods-SimpleAnimations/Pods-SimpleAnimations-frameworks.sh\"\n";
			showEnvVarsInLog = 0;
		};
/* End PBXShellScriptBuildPhase section */

/* Begin PBXSourcesBuildPhase section */
		AE451297251731EB00FB37B4 /* Sources */ = {
			isa = PBXSourcesBuildPhase;
			buildActionMask = 2147483647;
			files = (
				AE4512A3251731EB00FB37B4 /* ViewController.swift in Sources */,
				AE45129F251731EB00FB37B4 /* AppDelegate.swift in Sources */,
				AE4512A1251731EB00FB37B4 /* SceneDelegate.swift in Sources */,
			);
			runOnlyForDeploymentPostprocessing = 0;
		};
/* End PBXSourcesBuildPhase section */

/* Begin PBXVariantGroup section */
		AE4512A4251731EB00FB37B4 /* Main.storyboard */ = {
			isa = PBXVariantGroup;
			children = (
				AE4512A5251731EB00FB37B4 /* Base */,
			);
			name = Main.storyboard;
			sourceTree = "<group>";
		};
		AE4512A9251731EE00FB37B4 /* LaunchScreen.storyboard */ = {
			isa = PBXVariantGroup;
			children = (
				AE4512AA251731EE00FB37B4 /* Base */,
			);
			name = LaunchScreen.storyboard;
			sourceTree = "<group>";
		};
/* End PBXVariantGroup section */

/* Begin XCBuildConfiguration section */
		AE4512AD251731EE00FB37B4 /* Debug */ = {
			isa = XCBuildConfiguration;
			buildSettings = {
				ALWAYS_SEARCH_USER_PATHS = NO;
				CLANG_ANALYZER_NONNULL = YES;
				CLANG_ANALYZER_NUMBER_OBJECT_CONVERSION = YES_AGGRESSIVE;
				CLANG_CXX_LANGUAGE_STANDARD = "gnu++14";
				CLANG_CXX_LIBRARY = "libc++";
				CLANG_ENABLE_MODULES = YES;
				CLANG_ENABLE_OBJC_ARC = YES;
				CLANG_ENABLE_OBJC_WEAK = YES;
				CLANG_WARN_BLOCK_CAPTURE_AUTORELEASING = YES;
				CLANG_WARN_BOOL_CONVERSION = YES;
				CLANG_WARN_COMMA = YES;
				CLANG_WARN_CONSTANT_CONVERSION = YES;
				CLANG_WARN_DEPRECATED_OBJC_IMPLEMENTATIONS = YES;
				CLANG_WARN_DIRECT_OBJC_ISA_USAGE = YES_ERROR;
				CLANG_WARN_DOCUMENTATION_COMMENTS = YES;
				CLANG_WARN_EMPTY_BODY = YES;
				CLANG_WARN_ENUM_CONVERSION = YES;
				CLANG_WARN_INFINITE_RECURSION = YES;
				CLANG_WARN_INT_CONVERSION = YES;
				CLANG_WARN_NON_LITERAL_NULL_CONVERSION = YES;
				CLANG_WARN_OBJC_IMPLICIT_RETAIN_SELF = YES;
				CLANG_WARN_OBJC_LITERAL_CONVERSION = YES;
				CLANG_WARN_OBJC_ROOT_CLASS = YES_ERROR;
				CLANG_WARN_RANGE_LOOP_ANALYSIS = YES;
				CLANG_WARN_STRICT_PROTOTYPES = YES;
				CLANG_WARN_SUSPICIOUS_MOVE = YES;
				CLANG_WARN_UNGUARDED_AVAILABILITY = YES_AGGRESSIVE;
				CLANG_WARN_UNREACHABLE_CODE = YES;
				CLANG_WARN__DUPLICATE_METHOD_MATCH = YES;
				COPY_PHASE_STRIP = NO;
				DEBUG_INFORMATION_FORMAT = dwarf;
				ENABLE_STRICT_OBJC_MSGSEND = YES;
				ENABLE_TESTABILITY = YES;
				GCC_C_LANGUAGE_STANDARD = gnu11;
				GCC_DYNAMIC_NO_PIC = NO;
				GCC_NO_COMMON_BLOCKS = YES;
				GCC_OPTIMIZATION_LEVEL = 0;
				GCC_PREPROCESSOR_DEFINITIONS = (
					"DEBUG=1",
					"$(inherited)",
				);
				GCC_WARN_64_TO_32_BIT_CONVERSION = YES;
				GCC_WARN_ABOUT_RETURN_TYPE = YES_ERROR;
				GCC_WARN_UNDECLARED_SELECTOR = YES;
				GCC_WARN_UNINITIALIZED_AUTOS = YES_AGGRESSIVE;
				GCC_WARN_UNUSED_FUNCTION = YES;
				GCC_WARN_UNUSED_VARIABLE = YES;
				IPHONEOS_DEPLOYMENT_TARGET = 13.1;
				MTL_ENABLE_DEBUG_INFO = INCLUDE_SOURCE;
				MTL_FAST_MATH = YES;
				ONLY_ACTIVE_ARCH = YES;
				SDKROOT = iphoneos;
				SWIFT_ACTIVE_COMPILATION_CONDITIONS = DEBUG;
				SWIFT_OPTIMIZATION_LEVEL = "-Onone";
			};
			name = Debug;
		};
		AE4512AE251731EE00FB37B4 /* Release */ = {
			isa = XCBuildConfiguration;
			buildSettings = {
				ALWAYS_SEARCH_USER_PATHS = NO;
				CLANG_ANALYZER_NONNULL = YES;
				CLANG_ANALYZER_NUMBER_OBJECT_CONVERSION = YES_AGGRESSIVE;
				CLANG_CXX_LANGUAGE_STANDARD = "gnu++14";
				CLANG_CXX_LIBRARY = "libc++";
				CLANG_ENABLE_MODULES = YES;
				CLANG_ENABLE_OBJC_ARC = YES;
				CLANG_ENABLE_OBJC_WEAK = YES;
				CLANG_WARN_BLOCK_CAPTURE_AUTORELEASING = YES;
				CLANG_WARN_BOOL_CONVERSION = YES;
				CLANG_WARN_COMMA = YES;
				CLANG_WARN_CONSTANT_CONVERSION = YES;
				CLANG_WARN_DEPRECATED_OBJC_IMPLEMENTATIONS = YES;
				CLANG_WARN_DIRECT_OBJC_ISA_USAGE = YES_ERROR;
				CLANG_WARN_DOCUMENTATION_COMMENTS = YES;
				CLANG_WARN_EMPTY_BODY = YES;
				CLANG_WARN_ENUM_CONVERSION = YES;
				CLANG_WARN_INFINITE_RECURSION = YES;
				CLANG_WARN_INT_CONVERSION = YES;
				CLANG_WARN_NON_LITERAL_NULL_CONVERSION = YES;
				CLANG_WARN_OBJC_IMPLICIT_RETAIN_SELF = YES;
				CLANG_WARN_OBJC_LITERAL_CONVERSION = YES;
				CLANG_WARN_OBJC_ROOT_CLASS = YES_ERROR;
				CLANG_WARN_RANGE_LOOP_ANALYSIS = YES;
				CLANG_WARN_STRICT_PROTOTYPES = YES;
				CLANG_WARN_SUSPICIOUS_MOVE = YES;
				CLANG_WARN_UNGUARDED_AVAILABILITY = YES_AGGRESSIVE;
				CLANG_WARN_UNREACHABLE_CODE = YES;
				CLANG_WARN__DUPLICATE_METHOD_MATCH = YES;
				COPY_PHASE_STRIP = NO;
				DEBUG_INFORMATION_FORMAT = "dwarf-with-dsym";
				ENABLE_NS_ASSERTIONS = NO;
				ENABLE_STRICT_OBJC_MSGSEND = YES;
				GCC_C_LANGUAGE_STANDARD = gnu11;
				GCC_NO_COMMON_BLOCKS = YES;
				GCC_WARN_64_TO_32_BIT_CONVERSION = YES;
				GCC_WARN_ABOUT_RETURN_TYPE = YES_ERROR;
				GCC_WARN_UNDECLARED_SELECTOR = YES;
				GCC_WARN_UNINITIALIZED_AUTOS = YES_AGGRESSIVE;
				GCC_WARN_UNUSED_FUNCTION = YES;
				GCC_WARN_UNUSED_VARIABLE = YES;
				IPHONEOS_DEPLOYMENT_TARGET = 13.1;
				MTL_ENABLE_DEBUG_INFO = NO;
				MTL_FAST_MATH = YES;
				SDKROOT = iphoneos;
				SWIFT_COMPILATION_MODE = wholemodule;
				SWIFT_OPTIMIZATION_LEVEL = "-O";
				VALIDATE_PRODUCT = YES;
			};
			name = Release;
		};
		AE4512B0251731EE00FB37B4 /* Debug */ = {
			isa = XCBuildConfiguration;
			baseConfigurationReference = DA1898D8A9FB053AE7819E45 /* Pods-SimpleAnimations.debug.xcconfig */;
			buildSettings = {
				ASSETCATALOG_COMPILER_APPICON_NAME = AppIcon;
				CODE_SIGN_STYLE = Automatic;
				DEVELOPMENT_TEAM = P697758BCQ;
				INFOPLIST_FILE = SimpleAnimations/Info.plist;
				LD_RUNPATH_SEARCH_PATHS = (
					"$(inherited)",
					"@executable_path/Frameworks",
				);
				PRODUCT_BUNDLE_IDENTIFIER = "Lesia-Danilina.SimpleAnimations";
				PRODUCT_NAME = "$(TARGET_NAME)";
				SWIFT_VERSION = 5.0;
				TARGETED_DEVICE_FAMILY = "1,2";
			};
			name = Debug;
		};
		AE4512B1251731EE00FB37B4 /* Release */ = {
			isa = XCBuildConfiguration;
			baseConfigurationReference = 42F4F1114EFE516F6362E9BE /* Pods-SimpleAnimations.release.xcconfig */;
			buildSettings = {
				ASSETCATALOG_COMPILER_APPICON_NAME = AppIcon;
				CODE_SIGN_STYLE = Automatic;
				DEVELOPMENT_TEAM = P697758BCQ;
				INFOPLIST_FILE = SimpleAnimations/Info.plist;
				LD_RUNPATH_SEARCH_PATHS = (
					"$(inherited)",
					"@executable_path/Frameworks",
				);
				PRODUCT_BUNDLE_IDENTIFIER = "Lesia-Danilina.SimpleAnimations";
				PRODUCT_NAME = "$(TARGET_NAME)";
				SWIFT_VERSION = 5.0;
				TARGETED_DEVICE_FAMILY = "1,2";
			};
			name = Release;
		};
/* End XCBuildConfiguration section */

/* Begin XCConfigurationList section */
		AE451296251731EB00FB37B4 /* Build configuration list for PBXProject "SimpleAnimations" */ = {
			isa = XCConfigurationList;
			buildConfigurations = (
				AE4512AD251731EE00FB37B4 /* Debug */,
				AE4512AE251731EE00FB37B4 /* Release */,
			);
			defaultConfigurationIsVisible = 0;
			defaultConfigurationName = Release;
		};
		AE4512AF251731EE00FB37B4 /* Build configuration list for PBXNativeTarget "SimpleAnimations" */ = {
			isa = XCConfigurationList;
			buildConfigurations = (
				AE4512B0251731EE00FB37B4 /* Debug */,
				AE4512B1251731EE00FB37B4 /* Release */,
			);
			defaultConfigurationIsVisible = 0;
			defaultConfigurationName = Release;
		};
/* End XCConfigurationList section */
	};
	rootObject = AE451293251731EB00FB37B4 /* Project object */;
}
